dependencies:
- name: chartmuseum
  repository: https://chartmuseum.github.io/charts
  version: 2.15.0
- name: argo-workflows
  repository: https://argoproj.github.io/argo-helm
  version: 0.2.5
- name: helm-controller
  repository: https://nitishm.github.io/charts
  version: 0.1.1
digest: sha256:a80ce307816cb3fe933327638e8fb094e1b69bc779157b0165ff5c9ca4cd7398
generated: "2021-06-14T00:24:33.898916-07:00"
