dependencies:
- name: chartmuseum
  repository: https://chartmuseum.github.io/charts
  version: 2.15.0
- name: argo
  repository: https://argoproj.github.io/argo-helm
  version: 1.0.0
- name: helm-controller
  repository: https://nitishm.github.io/charts
  version: 0.1.1
digest: sha256:7f2f2e1f5efdec11d929472f4779a4ea014355570cf2294d6958b65765463cbb
generated: "2021-05-14T12:59:31.637787-07:00"
