dependencies:
- name: chartmuseum
  repository: https://chartmuseum.github.io/charts
  version: 2.15.0
- name: argo-workflows
  repository: https://argoproj.github.io/argo-helm
  version: 0.2.5
- name: helm-controller
  repository: https://nitishm.github.io/charts
  version: 0.1.1
- name: keptn
  repository: https://storage.googleapis.com/keptn-installer
  version: 0.8.6
- name: keptn-addons
  repository: https://nitishm.github.io/charts
  version: 0.1.0
digest: sha256:6ad307ffa17440e76db1de3631fd1ac331c6963ff5ec78f2faac0cda04989d9f
generated: "2021-09-28T17:37:51.415157-07:00"
